
Microsoft Visual Studio Solution File, Format Version 12.00
# Visual Studio Version 16
VisualStudioVersion = 16.0.29728.190
MinimumVisualStudioVersion = 10.0.40219.1
Project("{FAE04EC0-301F-11D3-BF4B-00C04F79EFBC}") = "01HelloWorld", "01HelloWorld\01HelloWorld.csproj", "{8AC6C612-1314-4706-BA94-3180C167FACF}"
EndProject
Project("{FAE04EC0-301F-11D3-BF4B-00C04F79EFBC}") = "02DataFromControllerToView1", "0202DataFromControllerToView1\02DataFromControllerToView1.csproj", "{7BB605E8-B32D-4634-BBEF-DB534DB35F98}"
EndProject
Project("{FAE04EC0-301F-11D3-BF4B-00C04F79EFBC}") = "03DataFromViewToController", "03DataFromViewToController\03DataFromViewToController.csproj", "{1505B2B4-DEC6-4460-BBDF-ED3285424131}"
EndProject
Project("{FAE04EC0-301F-11D3-BF4B-00C04F79EFBC}") = "04DataFromControllerToController", "04DataFromControllerToController\04DataFromControllerToController.csproj", "{9A7E3042-C155-42B7-95A7-7E061757E2CC}"
EndProject
Project("{FAE04EC0-301F-11D3-BF4B-00C04F79EFBC}") = "05LayoutsAndPartialViews", "05LayoutsAndPartialViews\05LayoutsAndPartialViews.csproj", "{265D5D14-A249-486D-B991-85BBA30BF7FD}"
EndProject
Project("{FAE04EC0-301F-11D3-BF4B-00C04F79EFBC}") = "06HtmlHelperMethods", "06HtmlHelperMethods\06HtmlHelperMethods.csproj", "{E87F5310-6713-48E6-8DAB-09544F22D7EE}"
EndProject
Project("{FAE04EC0-301F-11D3-BF4B-00C04F79EFBC}") = "07StronglyTypedHtmlHelperMethods", "07StronglyTypedHtmlHelperMethods\07StronglyTypedHtmlHelperMethods.csproj", "{4CF4A78F-131D-4982-834A-8B8833C63A0D}"
EndProject
Project("{FAE04EC0-301F-11D3-BF4B-00C04F79EFBC}") = "08ScaffoldingDemo1", "08ScaffoldingDemo1\08ScaffoldingDemo1.csproj", "{145DD144-D58B-4527-856A-279A9FA721D5}"
EndProject
Project("{FAE04EC0-301F-11D3-BF4B-00C04F79EFBC}") = "09EFCodeFirst", "09EFCodeFirst\09EFCodeFirst.csproj", "{092823A4-F038-438F-A311-7A2DF86358C0}"
EndProject
Project("{FAE04EC0-301F-11D3-BF4B-00C04F79EFBC}") = "10DataAnnotations", "10DataAnnotations\10DataAnnotations.csproj", "{B023A22F-D3F0-4A09-99D0-F6C980B94E80}"
EndProject
Project("{FAE04EC0-301F-11D3-BF4B-00C04F79EFBC}") = "11ScaffoldingDemo2", "11ScaffoldingDemo2\11ScaffoldingDemo2.csproj", "{0F18143B-0751-4992-9847-3D22C68CCFB2}"
EndProject
Project("{FAE04EC0-301F-11D3-BF4B-00C04F79EFBC}") = "12DataMigration", "12DataMigration\12DataMigration.csproj", "{EF9E52EA-F944-4A9B-B338-5B346E13ECBC}"
EndProject
Project("{FAE04EC0-301F-11D3-BF4B-00C04F79EFBC}") = "13DbFirstApproach", "13DbFirstApproach\13DbFirstApproach.csproj", "{60218B61-8C27-4FB6-9F90-E64EC193B3AC}"
EndProject
Project("{FAE04EC0-301F-11D3-BF4B-00C04F79EFBC}") = "15ModelFirstApproach", "15ModelFirstApproach\15ModelFirstApproach.csproj", "{D9AE4DE1-5D26-4F91-940E-BBC99EAF75A2}"
EndProject
Project("{FAE04EC0-301F-11D3-BF4B-00C04F79EFBC}") = "16PaginationsSearchingAndSorting", "16PaginationsSearchingAndSorting\16PaginationsSearchingAndSorting.csproj", "{0D6FC22A-89D5-4AA8-B304-900E618AA41F}"
EndProject
Project("{FAE04EC0-301F-11D3-BF4B-00C04F79EFBC}") = "17BundlingAndMinification", "17BundlingAndMinification\17BundlingAndMinification.csproj", "{A371CBDE-7DF6-4AC5-AC14-9E0966095E52}"
EndProject
Project("{FAE04EC0-301F-11D3-BF4B-00C04F79EFBC}") = "18AuthenticationAndAuthorization", "18AuthenticationAndAuthorization\18AuthenticationAndAuthorization.csproj", "{616FBF15-827B-42D4-84F4-2143403709D4}"
EndProject
Project("{FAE04EC0-301F-11D3-BF4B-00C04F79EFBC}") = "19FiltersDemo", "19FiltersDemo\19FiltersDemo.csproj", "{64AFB189-4D97-4306-9C9E-22BD7C5EF206}"
EndProject
Global
	GlobalSection(SolutionConfigurationPlatforms) = preSolution
		Debug|Any CPU = Debug|Any CPU
		Release|Any CPU = Release|Any CPU
	EndGlobalSection
	GlobalSection(ProjectConfigurationPlatforms) = postSolution
		{8AC6C612-1314-4706-BA94-3180C167FACF}.Debug|Any CPU.ActiveCfg = Debug|Any CPU
		{8AC6C612-1314-4706-BA94-3180C167FACF}.Debug|Any CPU.Build.0 = Debug|Any CPU
		{8AC6C612-1314-4706-BA94-3180C167FACF}.Release|Any CPU.ActiveCfg = Release|Any CPU
		{8AC6C612-1314-4706-BA94-3180C167FACF}.Release|Any CPU.Build.0 = Release|Any CPU
		{7BB605E8-B32D-4634-BBEF-DB534DB35F98}.Debug|Any CPU.ActiveCfg = Debug|Any CPU
		{7BB605E8-B32D-4634-BBEF-DB534DB35F98}.Debug|Any CPU.Build.0 = Debug|Any CPU
		{7BB605E8-B32D-4634-BBEF-DB534DB35F98}.Release|Any CPU.ActiveCfg = Release|Any CPU
		{7BB605E8-B32D-4634-BBEF-DB534DB35F98}.Release|Any CPU.Build.0 = Release|Any CPU
		{1505B2B4-DEC6-4460-BBDF-ED3285424131}.Debug|Any CPU.ActiveCfg = Debug|Any CPU
		{1505B2B4-DEC6-4460-BBDF-ED3285424131}.Debug|Any CPU.Build.0 = Debug|Any CPU
		{1505B2B4-DEC6-4460-BBDF-ED3285424131}.Release|Any CPU.ActiveCfg = Release|Any CPU
		{1505B2B4-DEC6-4460-BBDF-ED3285424131}.Release|Any CPU.Build.0 = Release|Any CPU
		{9A7E3042-C155-42B7-95A7-7E061757E2CC}.Debug|Any CPU.ActiveCfg = Debug|Any CPU
		{9A7E3042-C155-42B7-95A7-7E061757E2CC}.Debug|Any CPU.Build.0 = Debug|Any CPU
		{9A7E3042-C155-42B7-95A7-7E061757E2CC}.Release|Any CPU.ActiveCfg = Release|Any CPU
		{9A7E3042-C155-42B7-95A7-7E061757E2CC}.Release|Any CPU.Build.0 = Release|Any CPU
		{265D5D14-A249-486D-B991-85BBA30BF7FD}.Debug|Any CPU.ActiveCfg = Debug|Any CPU
		{265D5D14-A249-486D-B991-85BBA30BF7FD}.Debug|Any CPU.Build.0 = Debug|Any CPU
		{265D5D14-A249-486D-B991-85BBA30BF7FD}.Release|Any CPU.ActiveCfg = Release|Any CPU
		{265D5D14-A249-486D-B991-85BBA30BF7FD}.Release|Any CPU.Build.0 = Release|Any CPU
		{E87F5310-6713-48E6-8DAB-09544F22D7EE}.Debug|Any CPU.ActiveCfg = Debug|Any CPU
		{E87F5310-6713-48E6-8DAB-09544F22D7EE}.Debug|Any CPU.Build.0 = Debug|Any CPU
		{E87F5310-6713-48E6-8DAB-09544F22D7EE}.Release|Any CPU.ActiveCfg = Release|Any CPU
		{E87F5310-6713-48E6-8DAB-09544F22D7EE}.Release|Any CPU.Build.0 = Release|Any CPU
		{4CF4A78F-131D-4982-834A-8B8833C63A0D}.Debug|Any CPU.ActiveCfg = Debug|Any CPU
		{4CF4A78F-131D-4982-834A-8B8833C63A0D}.Debug|Any CPU.Build.0 = Debug|Any CPU
		{4CF4A78F-131D-4982-834A-8B8833C63A0D}.Release|Any CPU.ActiveCfg = Release|Any CPU
		{4CF4A78F-131D-4982-834A-8B8833C63A0D}.Release|Any CPU.Build.0 = Release|Any CPU
		{145DD144-D58B-4527-856A-279A9FA721D5}.Debug|Any CPU.ActiveCfg = Debug|Any CPU
		{145DD144-D58B-4527-856A-279A9FA721D5}.Debug|Any CPU.Build.0 = Debug|Any CPU
		{145DD144-D58B-4527-856A-279A9FA721D5}.Release|Any CPU.ActiveCfg = Release|Any CPU
		{145DD144-D58B-4527-856A-279A9FA721D5}.Release|Any CPU.Build.0 = Release|Any CPU
		{092823A4-F038-438F-A311-7A2DF86358C0}.Debug|Any CPU.ActiveCfg = Debug|Any CPU
		{092823A4-F038-438F-A311-7A2DF86358C0}.Debug|Any CPU.Build.0 = Debug|Any CPU
		{092823A4-F038-438F-A311-7A2DF86358C0}.Release|Any CPU.ActiveCfg = Release|Any CPU
		{092823A4-F038-438F-A311-7A2DF86358C0}.Release|Any CPU.Build.0 = Release|Any CPU
		{B023A22F-D3F0-4A09-99D0-F6C980B94E80}.Debug|Any CPU.ActiveCfg = Debug|Any CPU
		{B023A22F-D3F0-4A09-99D0-F6C980B94E80}.Debug|Any CPU.Build.0 = Debug|Any CPU
		{B023A22F-D3F0-4A09-99D0-F6C980B94E80}.Release|Any CPU.ActiveCfg = Release|Any CPU
		{B023A22F-D3F0-4A09-99D0-F6C980B94E80}.Release|Any CPU.Build.0 = Release|Any CPU
		{0F18143B-0751-4992-9847-3D22C68CCFB2}.Debug|Any CPU.ActiveCfg = Debug|Any CPU
		{0F18143B-0751-4992-9847-3D22C68CCFB2}.Debug|Any CPU.Build.0 = Debug|Any CPU
		{0F18143B-0751-4992-9847-3D22C68CCFB2}.Release|Any CPU.ActiveCfg = Release|Any CPU
		{0F18143B-0751-4992-9847-3D22C68CCFB2}.Release|Any CPU.Build.0 = Release|Any CPU
		{EF9E52EA-F944-4A9B-B338-5B346E13ECBC}.Debug|Any CPU.ActiveCfg = Debug|Any CPU
		{EF9E52EA-F944-4A9B-B338-5B346E13ECBC}.Debug|Any CPU.Build.0 = Debug|Any CPU
		{EF9E52EA-F944-4A9B-B338-5B346E13ECBC}.Release|Any CPU.ActiveCfg = Release|Any CPU
		{EF9E52EA-F944-4A9B-B338-5B346E13ECBC}.Release|Any CPU.Build.0 = Release|Any CPU
		{60218B61-8C27-4FB6-9F90-E64EC193B3AC}.Debug|Any CPU.ActiveCfg = Debug|Any CPU
		{60218B61-8C27-4FB6-9F90-E64EC193B3AC}.Debug|Any CPU.Build.0 = Debug|Any CPU
		{60218B61-8C27-4FB6-9F90-E64EC193B3AC}.Release|Any CPU.ActiveCfg = Release|Any CPU
		{60218B61-8C27-4FB6-9F90-E64EC193B3AC}.Release|Any CPU.Build.0 = Release|Any CPU
		{D9AE4DE1-5D26-4F91-940E-BBC99EAF75A2}.Debug|Any CPU.ActiveCfg = Debug|Any CPU
		{D9AE4DE1-5D26-4F91-940E-BBC99EAF75A2}.Debug|Any CPU.Build.0 = Debug|Any CPU
		{D9AE4DE1-5D26-4F91-940E-BBC99EAF75A2}.Release|Any CPU.ActiveCfg = Release|Any CPU
		{D9AE4DE1-5D26-4F91-940E-BBC99EAF75A2}.Release|Any CPU.Build.0 = Release|Any CPU
		{0D6FC22A-89D5-4AA8-B304-900E618AA41F}.Debug|Any CPU.ActiveCfg = Debug|Any CPU
		{0D6FC22A-89D5-4AA8-B304-900E618AA41F}.Debug|Any CPU.Build.0 = Debug|Any CPU
		{0D6FC22A-89D5-4AA8-B304-900E618AA41F}.Release|Any CPU.ActiveCfg = Release|Any CPU
		{0D6FC22A-89D5-4AA8-B304-900E618AA41F}.Release|Any CPU.Build.0 = Release|Any CPU
		{A371CBDE-7DF6-4AC5-AC14-9E0966095E52}.Debug|Any CPU.ActiveCfg = Debug|Any CPU
		{A371CBDE-7DF6-4AC5-AC14-9E0966095E52}.Debug|Any CPU.Build.0 = Debug|Any CPU
		{A371CBDE-7DF6-4AC5-AC14-9E0966095E52}.Release|Any CPU.ActiveCfg = Release|Any CPU
		{A371CBDE-7DF6-4AC5-AC14-9E0966095E52}.Release|Any CPU.Build.0 = Release|Any CPU
		{616FBF15-827B-42D4-84F4-2143403709D4}.Debug|Any CPU.ActiveCfg = Debug|Any CPU
		{616FBF15-827B-42D4-84F4-2143403709D4}.Debug|Any CPU.Build.0 = Debug|Any CPU
		{616FBF15-827B-42D4-84F4-2143403709D4}.Release|Any CPU.ActiveCfg = Release|Any CPU
		{616FBF15-827B-42D4-84F4-2143403709D4}.Release|Any CPU.Build.0 = Release|Any CPU
		{64AFB189-4D97-4306-9C9E-22BD7C5EF206}.Debug|Any CPU.ActiveCfg = Debug|Any CPU
		{64AFB189-4D97-4306-9C9E-22BD7C5EF206}.Debug|Any CPU.Build.0 = Debug|Any CPU
		{64AFB189-4D97-4306-9C9E-22BD7C5EF206}.Release|Any CPU.ActiveCfg = Release|Any CPU
		{64AFB189-4D97-4306-9C9E-22BD7C5EF206}.Release|Any CPU.Build.0 = Release|Any CPU
	EndGlobalSection
	GlobalSection(SolutionProperties) = preSolution
		HideSolutionNode = FALSE
	EndGlobalSection
	GlobalSection(ExtensibilityGlobals) = postSolution
		SolutionGuid = {64709B6E-1FE4-4377-9300-20916BCA5D12}
	EndGlobalSection
EndGlobal
