
Microsoft Visual Studio Solution File, Format Version 12.00
# Visual Studio Version 16
VisualStudioVersion = 16.0.29728.190
MinimumVisualStudioVersion = 10.0.40219.1
Project("{FAE04EC0-301F-11D3-BF4B-00C04F79EFBC}") = "01HelloWorld", "01HelloWorld\01HelloWorld.csproj", "{8AC6C612-1314-4706-BA94-3180C167FACF}"
EndProject
Project("{FAE04EC0-301F-11D3-BF4B-00C04F79EFBC}") = "02DataFromControllerToView1", "0202DataFromControllerToView1\02DataFromControllerToView1.csproj", "{7BB605E8-B32D-4634-BBEF-DB534DB35F98}"
EndProject
Project("{FAE04EC0-301F-11D3-BF4B-00C04F79EFBC}") = "03DataFromViewToController", "03DataFromViewToController\03DataFromViewToController.csproj", "{1505B2B4-DEC6-4460-BBDF-ED3285424131}"
EndProject
Project("{FAE04EC0-301F-11D3-BF4B-00C04F79EFBC}") = "04DataFromControllerToController", "04DataFromControllerToController\04DataFromControllerToController.csproj", "{9A7E3042-C155-42B7-95A7-7E061757E2CC}"
EndProject
Global
	GlobalSection(SolutionConfigurationPlatforms) = preSolution
		Debug|Any CPU = Debug|Any CPU
		Release|Any CPU = Release|Any CPU
	EndGlobalSection
	GlobalSection(ProjectConfigurationPlatforms) = postSolution
		{8AC6C612-1314-4706-BA94-3180C167FACF}.Debug|Any CPU.ActiveCfg = Debug|Any CPU
		{8AC6C612-1314-4706-BA94-3180C167FACF}.Debug|Any CPU.Build.0 = Debug|Any CPU
		{8AC6C612-1314-4706-BA94-3180C167FACF}.Release|Any CPU.ActiveCfg = Release|Any CPU
		{8AC6C612-1314-4706-BA94-3180C167FACF}.Release|Any CPU.Build.0 = Release|Any CPU
		{7BB605E8-B32D-4634-BBEF-DB534DB35F98}.Debug|Any CPU.ActiveCfg = Debug|Any CPU
		{7BB605E8-B32D-4634-BBEF-DB534DB35F98}.Debug|Any CPU.Build.0 = Debug|Any CPU
		{7BB605E8-B32D-4634-BBEF-DB534DB35F98}.Release|Any CPU.ActiveCfg = Release|Any CPU
		{7BB605E8-B32D-4634-BBEF-DB534DB35F98}.Release|Any CPU.Build.0 = Release|Any CPU
		{1505B2B4-DEC6-4460-BBDF-ED3285424131}.Debug|Any CPU.ActiveCfg = Debug|Any CPU
		{1505B2B4-DEC6-4460-BBDF-ED3285424131}.Debug|Any CPU.Build.0 = Debug|Any CPU
		{1505B2B4-DEC6-4460-BBDF-ED3285424131}.Release|Any CPU.ActiveCfg = Release|Any CPU
		{1505B2B4-DEC6-4460-BBDF-ED3285424131}.Release|Any CPU.Build.0 = Release|Any CPU
		{9A7E3042-C155-42B7-95A7-7E061757E2CC}.Debug|Any CPU.ActiveCfg = Debug|Any CPU
		{9A7E3042-C155-42B7-95A7-7E061757E2CC}.Debug|Any CPU.Build.0 = Debug|Any CPU
		{9A7E3042-C155-42B7-95A7-7E061757E2CC}.Release|Any CPU.ActiveCfg = Release|Any CPU
		{9A7E3042-C155-42B7-95A7-7E061757E2CC}.Release|Any CPU.Build.0 = Release|Any CPU
	EndGlobalSection
	GlobalSection(SolutionProperties) = preSolution
		HideSolutionNode = FALSE
	EndGlobalSection
	GlobalSection(ExtensibilityGlobals) = postSolution
		SolutionGuid = {64709B6E-1FE4-4377-9300-20916BCA5D12}
	EndGlobalSection
EndGlobal
